
Microsoft Visual Studio Solution File, Format Version 12.00
# Visual Studio Version 17
VisualStudioVersion = 17.5.33627.172
MinimumVisualStudioVersion = 10.0.40219.1
Project("{FAE04EC0-301F-11D3-BF4B-00C04F79EFBC}") = "lista", "lista\lista.csproj", "{B7838A66-67B5-40C3-9584-6877980106FE}"
EndProject
Global
	GlobalSection(SolutionConfigurationPlatforms) = preSolution
		Debug|Any CPU = Debug|Any CPU
		Release|Any CPU = Release|Any CPU
	EndGlobalSection
	GlobalSection(ProjectConfigurationPlatforms) = postSolution
		{B7838A66-67B5-40C3-9584-6877980106FE}.Debug|Any CPU.ActiveCfg = Debug|Any CPU
		{B7838A66-67B5-40C3-9584-6877980106FE}.Debug|Any CPU.Build.0 = Debug|Any CPU
		{B7838A66-67B5-40C3-9584-6877980106FE}.Release|Any CPU.ActiveCfg = Release|Any CPU
		{B7838A66-67B5-40C3-9584-6877980106FE}.Release|Any CPU.Build.0 = Release|Any CPU
	EndGlobalSection
	GlobalSection(SolutionProperties) = preSolution
		HideSolutionNode = FALSE
	EndGlobalSection
	GlobalSection(ExtensibilityGlobals) = postSolution
		SolutionGuid = {48319923-00F7-44F3-B1E5-517590330B2F}
	EndGlobalSection
EndGlobal
