
Microsoft Visual Studio Solution File, Format Version 12.00
# Visual Studio Version 17
VisualStudioVersion = 17.5.33627.172
MinimumVisualStudioVersion = 10.0.40219.1
Project("{FAE04EC0-301F-11D3-BF4B-00C04F79EFBC}") = "exercíciop 17", "exercíciop 17\exercíciop 17.csproj", "{AECEA8F4-3739-41DB-AAF3-E9FCC853AEAD}"
EndProject
Global
	GlobalSection(SolutionConfigurationPlatforms) = preSolution
		Debug|Any CPU = Debug|Any CPU
		Release|Any CPU = Release|Any CPU
	EndGlobalSection
	GlobalSection(ProjectConfigurationPlatforms) = postSolution
		{AECEA8F4-3739-41DB-AAF3-E9FCC853AEAD}.Debug|Any CPU.ActiveCfg = Debug|Any CPU
		{AECEA8F4-3739-41DB-AAF3-E9FCC853AEAD}.Debug|Any CPU.Build.0 = Debug|Any CPU
		{AECEA8F4-3739-41DB-AAF3-E9FCC853AEAD}.Release|Any CPU.ActiveCfg = Release|Any CPU
		{AECEA8F4-3739-41DB-AAF3-E9FCC853AEAD}.Release|Any CPU.Build.0 = Release|Any CPU
	EndGlobalSection
	GlobalSection(SolutionProperties) = preSolution
		HideSolutionNode = FALSE
	EndGlobalSection
	GlobalSection(ExtensibilityGlobals) = postSolution
		SolutionGuid = {7A11BAC6-9EA8-4EDE-89A4-C2AD614F1A6F}
	EndGlobalSection
EndGlobal
