
Microsoft Visual Studio Solution File, Format Version 12.00
# Visual Studio Version 17
VisualStudioVersion = 17.5.33627.172
MinimumVisualStudioVersion = 10.0.40219.1
Project("{FAE04EC0-301F-11D3-BF4B-00C04F79EFBC}") = "exercício 3", "exercício 3\exercício 3.csproj", "{7E21361C-2D38-4FEC-B22B-673FE3EE54FE}"
EndProject
Global
	GlobalSection(SolutionConfigurationPlatforms) = preSolution
		Debug|Any CPU = Debug|Any CPU
		Release|Any CPU = Release|Any CPU
	EndGlobalSection
	GlobalSection(ProjectConfigurationPlatforms) = postSolution
		{7E21361C-2D38-4FEC-B22B-673FE3EE54FE}.Debug|Any CPU.ActiveCfg = Debug|Any CPU
		{7E21361C-2D38-4FEC-B22B-673FE3EE54FE}.Debug|Any CPU.Build.0 = Debug|Any CPU
		{7E21361C-2D38-4FEC-B22B-673FE3EE54FE}.Release|Any CPU.ActiveCfg = Release|Any CPU
		{7E21361C-2D38-4FEC-B22B-673FE3EE54FE}.Release|Any CPU.Build.0 = Release|Any CPU
	EndGlobalSection
	GlobalSection(SolutionProperties) = preSolution
		HideSolutionNode = FALSE
	EndGlobalSection
	GlobalSection(ExtensibilityGlobals) = postSolution
		SolutionGuid = {1196DC0D-74B9-4024-A8FC-F4FE0EF0DFC1}
	EndGlobalSection
EndGlobal
