
Microsoft Visual Studio Solution File, Format Version 12.00
# Visual Studio Version 17
VisualStudioVersion = 17.3.32819.101
MinimumVisualStudioVersion = 10.0.40219.1
Project("{FAE04EC0-301F-11D3-BF4B-00C04F79EFBC}") = "Exercio16", "Exercio16\Exercio16.csproj", "{53AC362B-87ED-40E8-89B7-70233A0B4BD8}"
EndProject
Global
	GlobalSection(SolutionConfigurationPlatforms) = preSolution
		Debug|Any CPU = Debug|Any CPU
		Release|Any CPU = Release|Any CPU
	EndGlobalSection
	GlobalSection(ProjectConfigurationPlatforms) = postSolution
		{53AC362B-87ED-40E8-89B7-70233A0B4BD8}.Debug|Any CPU.ActiveCfg = Debug|Any CPU
		{53AC362B-87ED-40E8-89B7-70233A0B4BD8}.Debug|Any CPU.Build.0 = Debug|Any CPU
		{53AC362B-87ED-40E8-89B7-70233A0B4BD8}.Release|Any CPU.ActiveCfg = Release|Any CPU
		{53AC362B-87ED-40E8-89B7-70233A0B4BD8}.Release|Any CPU.Build.0 = Release|Any CPU
	EndGlobalSection
	GlobalSection(SolutionProperties) = preSolution
		HideSolutionNode = FALSE
	EndGlobalSection
	GlobalSection(ExtensibilityGlobals) = postSolution
		SolutionGuid = {B989B76D-71B8-4D25-B28C-F9DD96953F7C}
	EndGlobalSection
EndGlobal
