
Microsoft Visual Studio Solution File, Format Version 12.00
# Visual Studio Version 17
VisualStudioVersion = 17.5.33627.172
MinimumVisualStudioVersion = 10.0.40219.1
Project("{FAE04EC0-301F-11D3-BF4B-00C04F79EFBC}") = "execício 8", "execício 8\execício 8.csproj", "{72D4AD95-DB99-42AA-945F-D54E9C12CFEB}"
EndProject
Global
	GlobalSection(SolutionConfigurationPlatforms) = preSolution
		Debug|Any CPU = Debug|Any CPU
		Release|Any CPU = Release|Any CPU
	EndGlobalSection
	GlobalSection(ProjectConfigurationPlatforms) = postSolution
		{72D4AD95-DB99-42AA-945F-D54E9C12CFEB}.Debug|Any CPU.ActiveCfg = Debug|Any CPU
		{72D4AD95-DB99-42AA-945F-D54E9C12CFEB}.Debug|Any CPU.Build.0 = Debug|Any CPU
		{72D4AD95-DB99-42AA-945F-D54E9C12CFEB}.Release|Any CPU.ActiveCfg = Release|Any CPU
		{72D4AD95-DB99-42AA-945F-D54E9C12CFEB}.Release|Any CPU.Build.0 = Release|Any CPU
	EndGlobalSection
	GlobalSection(SolutionProperties) = preSolution
		HideSolutionNode = FALSE
	EndGlobalSection
	GlobalSection(ExtensibilityGlobals) = postSolution
		SolutionGuid = {7C790D7D-A5CD-4EDD-AE2A-4871D8CDC502}
	EndGlobalSection
EndGlobal
