
Microsoft Visual Studio Solution File, Format Version 12.00
# Visual Studio Version 17
VisualStudioVersion = 17.5.33627.172
MinimumVisualStudioVersion = 10.0.40219.1
Project("{FAE04EC0-301F-11D3-BF4B-00C04F79EFBC}") = "exercício7", "exercício7\exercício7.csproj", "{FB083023-2144-441B-B317-9C886D6D075E}"
EndProject
Global
	GlobalSection(SolutionConfigurationPlatforms) = preSolution
		Debug|Any CPU = Debug|Any CPU
		Release|Any CPU = Release|Any CPU
	EndGlobalSection
	GlobalSection(ProjectConfigurationPlatforms) = postSolution
		{FB083023-2144-441B-B317-9C886D6D075E}.Debug|Any CPU.ActiveCfg = Debug|Any CPU
		{FB083023-2144-441B-B317-9C886D6D075E}.Debug|Any CPU.Build.0 = Debug|Any CPU
		{FB083023-2144-441B-B317-9C886D6D075E}.Release|Any CPU.ActiveCfg = Release|Any CPU
		{FB083023-2144-441B-B317-9C886D6D075E}.Release|Any CPU.Build.0 = Release|Any CPU
	EndGlobalSection
	GlobalSection(SolutionProperties) = preSolution
		HideSolutionNode = FALSE
	EndGlobalSection
	GlobalSection(ExtensibilityGlobals) = postSolution
		SolutionGuid = {F3D045B9-5874-4190-9CE1-7CCF6C10A2A1}
	EndGlobalSection
EndGlobal
